
Microsoft Visual Studio Solution File, Format Version 12.00
# Visual Studio Version 16
VisualStudioVersion = 16.0.31129.286
MinimumVisualStudioVersion = 10.0.40219.1
Project("{FAE04EC0-301F-11D3-BF4B-00C04F79EFBC}") = "LuckyNumber", "LuckyNumber\LuckyNumber.csproj", "{BD06514D-7B28-4896-A188-F8E8C2BA0B44}"
EndProject
Global
	GlobalSection(SolutionConfigurationPlatforms) = preSolution
		Debug|Any CPU = Debug|Any CPU
		Release|Any CPU = Release|Any CPU
	EndGlobalSection
	GlobalSection(ProjectConfigurationPlatforms) = postSolution
		{BD06514D-7B28-4896-A188-F8E8C2BA0B44}.Debug|Any CPU.ActiveCfg = Debug|Any CPU
		{BD06514D-7B28-4896-A188-F8E8C2BA0B44}.Debug|Any CPU.Build.0 = Debug|Any CPU
		{BD06514D-7B28-4896-A188-F8E8C2BA0B44}.Debug|Any CPU.Deploy.0 = Debug|Any CPU
		{BD06514D-7B28-4896-A188-F8E8C2BA0B44}.Release|Any CPU.ActiveCfg = Release|Any CPU
		{BD06514D-7B28-4896-A188-F8E8C2BA0B44}.Release|Any CPU.Build.0 = Release|Any CPU
		{BD06514D-7B28-4896-A188-F8E8C2BA0B44}.Release|Any CPU.Deploy.0 = Release|Any CPU
	EndGlobalSection
	GlobalSection(SolutionProperties) = preSolution
		HideSolutionNode = FALSE
	EndGlobalSection
	GlobalSection(ExtensibilityGlobals) = postSolution
		SolutionGuid = {6EFD48DE-8122-41B3-942E-01794300D52D}
	EndGlobalSection
EndGlobal
